// !$*UTF8*$!
{
	archiveVersion = 1;
	classes = {
	};
	objectVersion = 50;
	objects = {

/* Begin PBXBuildFile section */
		42C15BBB0785724C44E121D3 /* Pods_AlamofireDemo.framework in Frameworks */ = {isa = PBXBuildFile; fileRef = 8A6701C2884FADAFC926326E /* Pods_AlamofireDemo.framework */; };
		5D2B130126354058000D39A8 /* AppDelegate.swift in Sources */ = {isa = PBXBuildFile; fileRef = 5D2B130026354058000D39A8 /* AppDelegate.swift */; };
		5D2B130326354058000D39A8 /* SceneDelegate.swift in Sources */ = {isa = PBXBuildFile; fileRef = 5D2B130226354058000D39A8 /* SceneDelegate.swift */; };
		5D2B130526354058000D39A8 /* ViewController.swift in Sources */ = {isa = PBXBuildFile; fileRef = 5D2B130426354058000D39A8 /* ViewController.swift */; };
		5D2B130826354058000D39A8 /* Main.storyboard in Resources */ = {isa = PBXBuildFile; fileRef = 5D2B130626354058000D39A8 /* Main.storyboard */; };
		5D2B130B26354058000D39A8 /* AlamofireDemo.xcdatamodeld in Sources */ = {isa = PBXBuildFile; fileRef = 5D2B130926354058000D39A8 /* AlamofireDemo.xcdatamodeld */; };
		5D2B130D26354059000D39A8 /* Assets.xcassets in Resources */ = {isa = PBXBuildFile; fileRef = 5D2B130C26354059000D39A8 /* Assets.xcassets */; };
		5D2B131026354059000D39A8 /* LaunchScreen.storyboard in Resources */ = {isa = PBXBuildFile; fileRef = 5D2B130E26354059000D39A8 /* LaunchScreen.storyboard */; };
/* End PBXBuildFile section */

/* Begin PBXFileReference section */
		2AE77ED8703C2FAB3FCF4D68 /* Pods-AlamofireDemo.release.xcconfig */ = {isa = PBXFileReference; includeInIndex = 1; lastKnownFileType = text.xcconfig; name = "Pods-AlamofireDemo.release.xcconfig"; path = "Target Support Files/Pods-AlamofireDemo/Pods-AlamofireDemo.release.xcconfig"; sourceTree = "<group>"; };
		5D2B12FD26354058000D39A8 /* AlamofireDemo.app */ = {isa = PBXFileReference; explicitFileType = wrapper.application; includeInIndex = 0; path = AlamofireDemo.app; sourceTree = BUILT_PRODUCTS_DIR; };
		5D2B130026354058000D39A8 /* AppDelegate.swift */ = {isa = PBXFileReference; lastKnownFileType = sourcecode.swift; path = AppDelegate.swift; sourceTree = "<group>"; };
		5D2B130226354058000D39A8 /* SceneDelegate.swift */ = {isa = PBXFileReference; lastKnownFileType = sourcecode.swift; path = SceneDelegate.swift; sourceTree = "<group>"; };
		5D2B130426354058000D39A8 /* ViewController.swift */ = {isa = PBXFileReference; lastKnownFileType = sourcecode.swift; path = ViewController.swift; sourceTree = "<group>"; };
		5D2B130726354058000D39A8 /* Base */ = {isa = PBXFileReference; lastKnownFileType = file.storyboard; name = Base; path = Base.lproj/Main.storyboard; sourceTree = "<group>"; };
		5D2B130A26354058000D39A8 /* AlamofireDemo.xcdatamodel */ = {isa = PBXFileReference; lastKnownFileType = wrapper.xcdatamodel; path = AlamofireDemo.xcdatamodel; sourceTree = "<group>"; };
		5D2B130C26354059000D39A8 /* Assets.xcassets */ = {isa = PBXFileReference; lastKnownFileType = folder.assetcatalog; path = Assets.xcassets; sourceTree = "<group>"; };
		5D2B130F26354059000D39A8 /* Base */ = {isa = PBXFileReference; lastKnownFileType = file.storyboard; name = Base; path = Base.lproj/LaunchScreen.storyboard; sourceTree = "<group>"; };
		5D2B131126354059000D39A8 /* Info.plist */ = {isa = PBXFileReference; lastKnownFileType = text.plist.xml; path = Info.plist; sourceTree = "<group>"; };
		8A6701C2884FADAFC926326E /* Pods_AlamofireDemo.framework */ = {isa = PBXFileReference; explicitFileType = wrapper.framework; includeInIndex = 0; path = Pods_AlamofireDemo.framework; sourceTree = BUILT_PRODUCTS_DIR; };
		DE0CDD7D4BA408676F5DDD63 /* Pods-AlamofireDemo.debug.xcconfig */ = {isa = PBXFileReference; includeInIndex = 1; lastKnownFileType = text.xcconfig; name = "Pods-AlamofireDemo.debug.xcconfig"; path = "Target Support Files/Pods-AlamofireDemo/Pods-AlamofireDemo.debug.xcconfig"; sourceTree = "<group>"; };
/* End PBXFileReference section */

/* Begin PBXFrameworksBuildPhase section */
		5D2B12FA26354058000D39A8 /* Frameworks */ = {
			isa = PBXFrameworksBuildPhase;
			buildActionMask = 2147483647;
			files = (
				42C15BBB0785724C44E121D3 /* Pods_AlamofireDemo.framework in Frameworks */,
			);
			runOnlyForDeploymentPostprocessing = 0;
		};
/* End PBXFrameworksBuildPhase section */

/* Begin PBXGroup section */
		5D2B12F426354057000D39A8 = {
			isa = PBXGroup;
			children = (
				5D2B12FF26354058000D39A8 /* AlamofireDemo */,
				5D2B12FE26354058000D39A8 /* Products */,
				D3700362E1D6D990B169FD81 /* Pods */,
				78E92CCF4E77C864039E9E7C /* Frameworks */,
			);
			sourceTree = "<group>";
		};
		5D2B12FE26354058000D39A8 /* Products */ = {
			isa = PBXGroup;
			children = (
				5D2B12FD26354058000D39A8 /* AlamofireDemo.app */,
			);
			name = Products;
			sourceTree = "<group>";
		};
		5D2B12FF26354058000D39A8 /* AlamofireDemo */ = {
			isa = PBXGroup;
			children = (
				5D2B130026354058000D39A8 /* AppDelegate.swift */,
				5D2B130226354058000D39A8 /* SceneDelegate.swift */,
				5D2B130426354058000D39A8 /* ViewController.swift */,
				5D2B130626354058000D39A8 /* Main.storyboard */,
				5D2B130C26354059000D39A8 /* Assets.xcassets */,
				5D2B130E26354059000D39A8 /* LaunchScreen.storyboard */,
				5D2B131126354059000D39A8 /* Info.plist */,
				5D2B130926354058000D39A8 /* AlamofireDemo.xcdatamodeld */,
			);
			path = AlamofireDemo;
			sourceTree = "<group>";
		};
		78E92CCF4E77C864039E9E7C /* Frameworks */ = {
			isa = PBXGroup;
			children = (
				8A6701C2884FADAFC926326E /* Pods_AlamofireDemo.framework */,
			);
			name = Frameworks;
			sourceTree = "<group>";
		};
		D3700362E1D6D990B169FD81 /* Pods */ = {
			isa = PBXGroup;
			children = (
				DE0CDD7D4BA408676F5DDD63 /* Pods-AlamofireDemo.debug.xcconfig */,
				2AE77ED8703C2FAB3FCF4D68 /* Pods-AlamofireDemo.release.xcconfig */,
			);
			name = Pods;
			path = Pods;
			sourceTree = "<group>";
		};
/* End PBXGroup section */

/* Begin PBXNativeTarget section */
		5D2B12FC26354058000D39A8 /* AlamofireDemo */ = {
			isa = PBXNativeTarget;
			buildConfigurationList = 5D2B131426354059000D39A8 /* Build configuration list for PBXNativeTarget "AlamofireDemo" */;
			buildPhases = (
				161638AF4C87B1E495E8FDD5 /* [CP] Check Pods Manifest.lock */,
				5D2B12F926354058000D39A8 /* Sources */,
				5D2B12FA26354058000D39A8 /* Frameworks */,
				5D2B12FB26354058000D39A8 /* Resources */,
				A3E7D2AD4AABF702F05B22ED /* [CP] Embed Pods Frameworks */,
			);
			buildRules = (
			);
			dependencies = (
			);
			name = AlamofireDemo;
			productName = AlamofireDemo;
			productReference = 5D2B12FD26354058000D39A8 /* AlamofireDemo.app */;
			productType = "com.apple.product-type.application";
		};
/* End PBXNativeTarget section */

/* Begin PBXProject section */
		5D2B12F526354057000D39A8 /* Project object */ = {
			isa = PBXProject;
			attributes = {
				LastSwiftUpdateCheck = 1240;
				LastUpgradeCheck = 1240;
				TargetAttributes = {
					5D2B12FC26354058000D39A8 = {
						CreatedOnToolsVersion = 12.4;
					};
				};
			};
			buildConfigurationList = 5D2B12F826354057000D39A8 /* Build configuration list for PBXProject "AlamofireDemo" */;
			compatibilityVersion = "Xcode 9.3";
			developmentRegion = en;
			hasScannedForEncodings = 0;
			knownRegions = (
				en,
				Base,
			);
			mainGroup = 5D2B12F426354057000D39A8;
			productRefGroup = 5D2B12FE26354058000D39A8 /* Products */;
			projectDirPath = "";
			projectRoot = "";
			targets = (
				5D2B12FC26354058000D39A8 /* AlamofireDemo */,
			);
		};
/* End PBXProject section */

/* Begin PBXResourcesBuildPhase section */
		5D2B12FB26354058000D39A8 /* Resources */ = {
			isa = PBXResourcesBuildPhase;
			buildActionMask = 2147483647;
			files = (
				5D2B131026354059000D39A8 /* LaunchScreen.storyboard in Resources */,
				5D2B130D26354059000D39A8 /* Assets.xcassets in Resources */,
				5D2B130826354058000D39A8 /* Main.storyboard in Resources */,
			);
			runOnlyForDeploymentPostprocessing = 0;
		};
/* End PBXResourcesBuildPhase section */

/* Begin PBXShellScriptBuildPhase section */
		161638AF4C87B1E495E8FDD5 /* [CP] Check Pods Manifest.lock */ = {
			isa = PBXShellScriptBuildPhase;
			buildActionMask = 2147483647;
			files = (
			);
			inputFileListPaths = (
			);
			inputPaths = (
				"${PODS_PODFILE_DIR_PATH}/Podfile.lock",
				"${PODS_ROOT}/Manifest.lock",
			);
			name = "[CP] Check Pods Manifest.lock";
			outputFileListPaths = (
			);
			outputPaths = (
				"$(DERIVED_FILE_DIR)/Pods-AlamofireDemo-checkManifestLockResult.txt",
			);
			runOnlyForDeploymentPostprocessing = 0;
			shellPath = /bin/sh;
			shellScript = "diff \"${PODS_PODFILE_DIR_PATH}/Podfile.lock\" \"${PODS_ROOT}/Manifest.lock\" > /dev/null\nif [ $? != 0 ] ; then\n    # print error to STDERR\n    echo \"error: The sandbox is not in sync with the Podfile.lock. Run 'pod install' or update your CocoaPods installation.\" >&2\n    exit 1\nfi\n# This output is used by Xcode 'outputs' to avoid re-running this script phase.\necho \"SUCCESS\" > \"${SCRIPT_OUTPUT_FILE_0}\"\n";
			showEnvVarsInLog = 0;
		};
		A3E7D2AD4AABF702F05B22ED /* [CP] Embed Pods Frameworks */ = {
			isa = PBXShellScriptBuildPhase;
			buildActionMask = 2147483647;
			files = (
			);
			inputFileListPaths = (
				"${PODS_ROOT}/Target Support Files/Pods-AlamofireDemo/Pods-AlamofireDemo-frameworks-${CONFIGURATION}-input-files.xcfilelist",
			);
			name = "[CP] Embed Pods Frameworks";
			outputFileListPaths = (
				"${PODS_ROOT}/Target Support Files/Pods-AlamofireDemo/Pods-AlamofireDemo-frameworks-${CONFIGURATION}-output-files.xcfilelist",
			);
			runOnlyForDeploymentPostprocessing = 0;
			shellPath = /bin/sh;
			shellScript = "\"${PODS_ROOT}/Target Support Files/Pods-AlamofireDemo/Pods-AlamofireDemo-frameworks.sh\"\n";
			showEnvVarsInLog = 0;
		};
/* End PBXShellScriptBuildPhase section */

/* Begin PBXSourcesBuildPhase section */
		5D2B12F926354058000D39A8 /* Sources */ = {
			isa = PBXSourcesBuildPhase;
			buildActionMask = 2147483647;
			files = (
				5D2B130526354058000D39A8 /* ViewController.swift in Sources */,
				5D2B130126354058000D39A8 /* AppDelegate.swift in Sources */,
				5D2B130326354058000D39A8 /* SceneDelegate.swift in Sources */,
				5D2B130B26354058000D39A8 /* AlamofireDemo.xcdatamodeld in Sources */,
			);
			runOnlyForDeploymentPostprocessing = 0;
		};
/* End PBXSourcesBuildPhase section */

/* Begin PBXVariantGroup section */
		5D2B130626354058000D39A8 /* Main.storyboard */ = {
			isa = PBXVariantGroup;
			children = (
				5D2B130726354058000D39A8 /* Base */,
			);
			name = Main.storyboard;
			sourceTree = "<group>";
		};
		5D2B130E26354059000D39A8 /* LaunchScreen.storyboard */ = {
			isa = PBXVariantGroup;
			children = (
				5D2B130F26354059000D39A8 /* Base */,
			);
			name = LaunchScreen.storyboard;
			sourceTree = "<group>";
		};
/* End PBXVariantGroup section */

/* Begin XCBuildConfiguration section */
		5D2B131226354059000D39A8 /* Debug */ = {
			isa = XCBuildConfiguration;
			buildSettings = {
				ALWAYS_SEARCH_USER_PATHS = NO;
				CLANG_ANALYZER_NONNULL = YES;
				CLANG_ANALYZER_NUMBER_OBJECT_CONVERSION = YES_AGGRESSIVE;
				CLANG_CXX_LANGUAGE_STANDARD = "gnu++14";
				CLANG_CXX_LIBRARY = "libc++";
				CLANG_ENABLE_MODULES = YES;
				CLANG_ENABLE_OBJC_ARC = YES;
				CLANG_ENABLE_OBJC_WEAK = YES;
				CLANG_WARN_BLOCK_CAPTURE_AUTORELEASING = YES;
				CLANG_WARN_BOOL_CONVERSION = YES;
				CLANG_WARN_COMMA = YES;
				CLANG_WARN_CONSTANT_CONVERSION = YES;
				CLANG_WARN_DEPRECATED_OBJC_IMPLEMENTATIONS = YES;
				CLANG_WARN_DIRECT_OBJC_ISA_USAGE = YES_ERROR;
				CLANG_WARN_DOCUMENTATION_COMMENTS = YES;
				CLANG_WARN_EMPTY_BODY = YES;
				CLANG_WARN_ENUM_CONVERSION = YES;
				CLANG_WARN_INFINITE_RECURSION = YES;
				CLANG_WARN_INT_CONVERSION = YES;
				CLANG_WARN_NON_LITERAL_NULL_CONVERSION = YES;
				CLANG_WARN_OBJC_IMPLICIT_RETAIN_SELF = YES;
				CLANG_WARN_OBJC_LITERAL_CONVERSION = YES;
				CLANG_WARN_OBJC_ROOT_CLASS = YES_ERROR;
				CLANG_WARN_QUOTED_INCLUDE_IN_FRAMEWORK_HEADER = YES;
				CLANG_WARN_RANGE_LOOP_ANALYSIS = YES;
				CLANG_WARN_STRICT_PROTOTYPES = YES;
				CLANG_WARN_SUSPICIOUS_MOVE = YES;
				CLANG_WARN_UNGUARDED_AVAILABILITY = YES_AGGRESSIVE;
				CLANG_WARN_UNREACHABLE_CODE = YES;
				CLANG_WARN__DUPLICATE_METHOD_MATCH = YES;
				COPY_PHASE_STRIP = NO;
				DEBUG_INFORMATION_FORMAT = dwarf;
				ENABLE_STRICT_OBJC_MSGSEND = YES;
				ENABLE_TESTABILITY = YES;
				GCC_C_LANGUAGE_STANDARD = gnu11;
				GCC_DYNAMIC_NO_PIC = NO;
				GCC_NO_COMMON_BLOCKS = YES;
				GCC_OPTIMIZATION_LEVEL = 0;
				GCC_PREPROCESSOR_DEFINITIONS = (
					"DEBUG=1",
					"$(inherited)",
				);
				GCC_WARN_64_TO_32_BIT_CONVERSION = YES;
				GCC_WARN_ABOUT_RETURN_TYPE = YES_ERROR;
				GCC_WARN_UNDECLARED_SELECTOR = YES;
				GCC_WARN_UNINITIALIZED_AUTOS = YES_AGGRESSIVE;
				GCC_WARN_UNUSED_FUNCTION = YES;
				GCC_WARN_UNUSED_VARIABLE = YES;
				IPHONEOS_DEPLOYMENT_TARGET = 14.4;
				MTL_ENABLE_DEBUG_INFO = INCLUDE_SOURCE;
				MTL_FAST_MATH = YES;
				ONLY_ACTIVE_ARCH = YES;
				SDKROOT = iphoneos;
				SWIFT_ACTIVE_COMPILATION_CONDITIONS = DEBUG;
				SWIFT_OPTIMIZATION_LEVEL = "-Onone";
			};
			name = Debug;
		};
		5D2B131326354059000D39A8 /* Release */ = {
			isa = XCBuildConfiguration;
			buildSettings = {
				ALWAYS_SEARCH_USER_PATHS = NO;
				CLANG_ANALYZER_NONNULL = YES;
				CLANG_ANALYZER_NUMBER_OBJECT_CONVERSION = YES_AGGRESSIVE;
				CLANG_CXX_LANGUAGE_STANDARD = "gnu++14";
				CLANG_CXX_LIBRARY = "libc++";
				CLANG_ENABLE_MODULES = YES;
				CLANG_ENABLE_OBJC_ARC = YES;
				CLANG_ENABLE_OBJC_WEAK = YES;
				CLANG_WARN_BLOCK_CAPTURE_AUTORELEASING = YES;
				CLANG_WARN_BOOL_CONVERSION = YES;
				CLANG_WARN_COMMA = YES;
				CLANG_WARN_CONSTANT_CONVERSION = YES;
				CLANG_WARN_DEPRECATED_OBJC_IMPLEMENTATIONS = YES;
				CLANG_WARN_DIRECT_OBJC_ISA_USAGE = YES_ERROR;
				CLANG_WARN_DOCUMENTATION_COMMENTS = YES;
				CLANG_WARN_EMPTY_BODY = YES;
				CLANG_WARN_ENUM_CONVERSION = YES;
				CLANG_WARN_INFINITE_RECURSION = YES;
				CLANG_WARN_INT_CONVERSION = YES;
				CLANG_WARN_NON_LITERAL_NULL_CONVERSION = YES;
				CLANG_WARN_OBJC_IMPLICIT_RETAIN_SELF = YES;
				CLANG_WARN_OBJC_LITERAL_CONVERSION = YES;
				CLANG_WARN_OBJC_ROOT_CLASS = YES_ERROR;
				CLANG_WARN_QUOTED_INCLUDE_IN_FRAMEWORK_HEADER = YES;
				CLANG_WARN_RANGE_LOOP_ANALYSIS = YES;
				CLANG_WARN_STRICT_PROTOTYPES = YES;
				CLANG_WARN_SUSPICIOUS_MOVE = YES;
				CLANG_WARN_UNGUARDED_AVAILABILITY = YES_AGGRESSIVE;
				CLANG_WARN_UNREACHABLE_CODE = YES;
				CLANG_WARN__DUPLICATE_METHOD_MATCH = YES;
				COPY_PHASE_STRIP = NO;
				DEBUG_INFORMATION_FORMAT = "dwarf-with-dsym";
				ENABLE_NS_ASSERTIONS = NO;
				ENABLE_STRICT_OBJC_MSGSEND = YES;
				GCC_C_LANGUAGE_STANDARD = gnu11;
				GCC_NO_COMMON_BLOCKS = YES;
				GCC_WARN_64_TO_32_BIT_CONVERSION = YES;
				GCC_WARN_ABOUT_RETURN_TYPE = YES_ERROR;
				GCC_WARN_UNDECLARED_SELECTOR = YES;
				GCC_WARN_UNINITIALIZED_AUTOS = YES_AGGRESSIVE;
				GCC_WARN_UNUSED_FUNCTION = YES;
				GCC_WARN_UNUSED_VARIABLE = YES;
				IPHONEOS_DEPLOYMENT_TARGET = 14.4;
				MTL_ENABLE_DEBUG_INFO = NO;
				MTL_FAST_MATH = YES;
				SDKROOT = iphoneos;
				SWIFT_COMPILATION_MODE = wholemodule;
				SWIFT_OPTIMIZATION_LEVEL = "-O";
				VALIDATE_PRODUCT = YES;
			};
			name = Release;
		};
		5D2B131526354059000D39A8 /* Debug */ = {
			isa = XCBuildConfiguration;
			baseConfigurationReference = DE0CDD7D4BA408676F5DDD63 /* Pods-AlamofireDemo.debug.xcconfig */;
			buildSettings = {
				ASSETCATALOG_COMPILER_APPICON_NAME = AppIcon;
				ASSETCATALOG_COMPILER_GLOBAL_ACCENT_COLOR_NAME = AccentColor;
				CODE_SIGN_STYLE = Automatic;
				INFOPLIST_FILE = AlamofireDemo/Info.plist;
				LD_RUNPATH_SEARCH_PATHS = (
					"$(inherited)",
					"@executable_path/Frameworks",
				);
				PRODUCT_BUNDLE_IDENTIFIER = com.testproject.AlamofireDemo;
				PRODUCT_NAME = "$(TARGET_NAME)";
				SWIFT_VERSION = 5.0;
				TARGETED_DEVICE_FAMILY = "1,2";
			};
			name = Debug;
		};
		5D2B131626354059000D39A8 /* Release */ = {
			isa = XCBuildConfiguration;
			baseConfigurationReference = 2AE77ED8703C2FAB3FCF4D68 /* Pods-AlamofireDemo.release.xcconfig */;
			buildSettings = {
				ASSETCATALOG_COMPILER_APPICON_NAME = AppIcon;
				ASSETCATALOG_COMPILER_GLOBAL_ACCENT_COLOR_NAME = AccentColor;
				CODE_SIGN_STYLE = Automatic;
				INFOPLIST_FILE = AlamofireDemo/Info.plist;
				LD_RUNPATH_SEARCH_PATHS = (
					"$(inherited)",
					"@executable_path/Frameworks",
				);
				PRODUCT_BUNDLE_IDENTIFIER = com.testproject.AlamofireDemo;
				PRODUCT_NAME = "$(TARGET_NAME)";
				SWIFT_VERSION = 5.0;
				TARGETED_DEVICE_FAMILY = "1,2";
			};
			name = Release;
		};
/* End XCBuildConfiguration section */

/* Begin XCConfigurationList section */
		5D2B12F826354057000D39A8 /* Build configuration list for PBXProject "AlamofireDemo" */ = {
			isa = XCConfigurationList;
			buildConfigurations = (
				5D2B131226354059000D39A8 /* Debug */,
				5D2B131326354059000D39A8 /* Release */,
			);
			defaultConfigurationIsVisible = 0;
			defaultConfigurationName = Release;
		};
		5D2B131426354059000D39A8 /* Build configuration list for PBXNativeTarget "AlamofireDemo" */ = {
			isa = XCConfigurationList;
			buildConfigurations = (
				5D2B131526354059000D39A8 /* Debug */,
				5D2B131626354059000D39A8 /* Release */,
			);
			defaultConfigurationIsVisible = 0;
			defaultConfigurationName = Release;
		};
/* End XCConfigurationList section */

/* Begin XCVersionGroup section */
		5D2B130926354058000D39A8 /* AlamofireDemo.xcdatamodeld */ = {
			isa = XCVersionGroup;
			children = (
				5D2B130A26354058000D39A8 /* AlamofireDemo.xcdatamodel */,
			);
			currentVersion = 5D2B130A26354058000D39A8 /* AlamofireDemo.xcdatamodel */;
			path = AlamofireDemo.xcdatamodeld;
			sourceTree = "<group>";
			versionGroupType = wrapper.xcdatamodel;
		};
/* End XCVersionGroup section */
	};
	rootObject = 5D2B12F526354057000D39A8 /* Project object */;
}
